<?xml version="1.0" encoding="utf-8"?>
<Project ToolsVersion="4.0" xmlns="http://schemas.microsoft.com/developer/msbuild/2003">
  <ItemGroup>
    <Filter Include="Utilities">
      <UniqueIdentifier>{95fcefdb-88ef-4662-a051-8eed1b2501d5}</UniqueIdentifier>
    </Filter>
    <Filter Include="Network">
      <UniqueIdentifier>{ccc04030-fbd8-455d-8796-b867b0a6e4f4}</UniqueIdentifier>
    </Filter>
  </ItemGroup>
  <ItemGroup>
    <ClCompile Include="pch.cpp">
      <Filter>Utilities</Filter>
    </ClCompile>
    <ClCompile Include="CorePch.cpp">
      <Filter>Utilities</Filter>
    </ClCompile>
  </ItemGroup>
  <ItemGroup>
    <ClInclude Include="pch.h">
      <Filter>Utilities</Filter>
    </ClInclude>
    <ClInclude Include="CorePch.h">
      <Filter>Utilities</Filter>
    </ClInclude>
    <ClInclude Include="types.h">
      <Filter>Utilities</Filter>
    </ClInclude>
  </ItemGroup>
</Project>